<?xml version="1.0" encoding="utf-8"?>
<Project ToolsVersion="4.0" xmlns="http://schemas.microsoft.com/developer/msbuild/2003">
  <ItemGroup>
    <Filter Include="Grout">
      <UniqueIdentifier>{D636440D-424B-6CBE-0BCD-0F1E77A068EF}</UniqueIdentifier>
    </Filter>
  </ItemGroup>
  <ItemGroup>
    <ClInclude Include="src\Grout.h" />
    <ClInclude Include="src\Grout\Application.h">
      <Filter>Grout</Filter>
    </ClInclude>
    <ClInclude Include="src\Grout\Core.h">
      <Filter>Grout</Filter>
    </ClInclude>
    <ClInclude Include="src\Grout\EntryPoint.h">
      <Filter>Grout</Filter>
    </ClInclude>
    <ClInclude Include="src\Grout\Log.h">
      <Filter>Grout</Filter>
    </ClInclude>
  </ItemGroup>
  <ItemGroup>
    <ClCompile Include="src\Grout\Application.cpp">
      <Filter>Grout</Filter>
    </ClCompile>
    <ClCompile Include="src\Grout\Log.cpp">
      <Filter>Grout</Filter>
    </ClCompile>
  </ItemGroup>
</Project>