<?xml version="1.0" encoding="utf-8"?>
<Project ToolsVersion="4.0" xmlns="http://schemas.microsoft.com/developer/msbuild/2003">
  <ItemGroup>
    <Filter Include="Grout">
      <UniqueIdentifier>{D636440D-424B-6CBE-0BCD-0F1E77A068EF}</UniqueIdentifier>
    </Filter>
    <Filter Include="Grout\Events">
      <UniqueIdentifier>{FA152926-E678-B8CA-8FFE-F0807B40844D}</UniqueIdentifier>
    </Filter>
    <Filter Include="Grout\ImGui">
      <UniqueIdentifier>{80F44B85-ECA9-C47A-759E-BE51E152BB7E}</UniqueIdentifier>
    </Filter>
    <Filter Include="Plataform">
      <UniqueIdentifier>{CB364245-37A1-F6BB-80DF-A761EC88D410}</UniqueIdentifier>
    </Filter>
    <Filter Include="Plataform\OpenGL">
      <UniqueIdentifier>{9FED79A4-8BE6-98F6-B418-7E7BA0707802}</UniqueIdentifier>
    </Filter>
    <Filter Include="Plataform\Windows">
      <UniqueIdentifier>{057CD38B-7192-D121-BA09-5D43265FA2A9}</UniqueIdentifier>
    </Filter>
  </ItemGroup>
  <ItemGroup>
    <ClInclude Include="src\Grout.h" />
    <ClInclude Include="src\Grout\Application.h">
      <Filter>Grout</Filter>
    </ClInclude>
    <ClInclude Include="src\Grout\Core.h">
      <Filter>Grout</Filter>
    </ClInclude>
    <ClInclude Include="src\Grout\EntryPoint.h">
      <Filter>Grout</Filter>
    </ClInclude>
    <ClInclude Include="src\Grout\Events\ApplicationEvent.h">
      <Filter>Grout\Events</Filter>
    </ClInclude>
    <ClInclude Include="src\Grout\Events\Event.h">
      <Filter>Grout\Events</Filter>
    </ClInclude>
    <ClInclude Include="src\Grout\Events\KeyEvent.h">
      <Filter>Grout\Events</Filter>
    </ClInclude>
    <ClInclude Include="src\Grout\Events\MouseEvent.h">
      <Filter>Grout\Events</Filter>
    </ClInclude>
    <ClInclude Include="src\Grout\ImGui\ImGuiLayer.h">
      <Filter>Grout\ImGui</Filter>
    </ClInclude>
    <ClInclude Include="src\Grout\Layer.h">
      <Filter>Grout</Filter>
    </ClInclude>
    <ClInclude Include="src\Grout\LayerStack.h">
      <Filter>Grout</Filter>
    </ClInclude>
    <ClInclude Include="src\Grout\Log.h">
      <Filter>Grout</Filter>
    </ClInclude>
    <ClInclude Include="src\Grout\Window.h">
      <Filter>Grout</Filter>
    </ClInclude>
    <ClInclude Include="src\Plataform\OpenGL\ImGuiOpenGLRenderer.h">
      <Filter>Plataform\OpenGL</Filter>
    </ClInclude>
    <ClInclude Include="src\Plataform\OpenGL\ImGuiOpenGLRendererLoader.h">
      <Filter>Plataform\OpenGL</Filter>
    </ClInclude>
    <ClInclude Include="src\Plataform\Windows\WindowsWindow.h">
      <Filter>Plataform\Windows</Filter>
    </ClInclude>
    <ClInclude Include="src\grtpch.h" />
    <ClInclude Include="src\Grout\Input.h" />
    <ClInclude Include="src\Plataform\Windows\WindowsInput.h" />
  </ItemGroup>
  <ItemGroup>
    <ClCompile Include="src\Grout\Application.cpp">
      <Filter>Grout</Filter>
    </ClCompile>
    <ClCompile Include="src\Grout\ImGui\ImGuiLayer.cpp">
      <Filter>Grout\ImGui</Filter>
    </ClCompile>
    <ClCompile Include="src\Grout\Layer.cpp">
      <Filter>Grout</Filter>
    </ClCompile>
    <ClCompile Include="src\Grout\LayerStack.cpp">
      <Filter>Grout</Filter>
    </ClCompile>
    <ClCompile Include="src\Grout\Log.cpp">
      <Filter>Grout</Filter>
    </ClCompile>
    <ClCompile Include="src\Plataform\OpenGL\ImGuiOpenGLRenderer.cpp">
      <Filter>Plataform\OpenGL</Filter>
    </ClCompile>
    <ClCompile Include="src\Plataform\Windows\WindowsWindow.cpp">
      <Filter>Plataform\Windows</Filter>
    </ClCompile>
    <ClCompile Include="src\grtpch.cpp" />
    <ClCompile Include="src\Plataform\Windows\WindowsInput.cpp" />
  </ItemGroup>
</Project>